
Microsoft Visual Studio Solution File, Format Version 12.00
# Visual Studio Version 17
VisualStudioVersion = 17.3.32901.215
MinimumVisualStudioVersion = 10.0.40219.1
Project("{FAE04EC0-301F-11D3-BF4B-00C04F79EFBC}") = "Smallest of Three Numbers", "Smallest of Three Numbers\Smallest of Three Numbers.csproj", "{A258104A-6D84-47FE-A547-607886B4D5A4}"
EndProject
Project("{FAE04EC0-301F-11D3-BF4B-00C04F79EFBC}") = "Vowels Count", "Vowels Count\Vowels Count.csproj", "{2210EC3A-B56F-4FE9-9EE0-D12B31B4CBA0}"
EndProject
Project("{FAE04EC0-301F-11D3-BF4B-00C04F79EFBC}") = "Characters in Range", "Characters in Range\Characters in Range.csproj", "{8440C228-9841-4314-817A-E72AC5036955}"
EndProject
Project("{FAE04EC0-301F-11D3-BF4B-00C04F79EFBC}") = "Password Validator", "Password Validator\Password Validator.csproj", "{BD3BB216-E96E-4240-A790-D34E212265A1}"
EndProject
Project("{FAE04EC0-301F-11D3-BF4B-00C04F79EFBC}") = "Add and Subtract", "Add and Subtract\Add and Subtract.csproj", "{C50988B7-20BF-4CFF-BCBC-5EE83BF7AF76}"
EndProject
Project("{FAE04EC0-301F-11D3-BF4B-00C04F79EFBC}") = "Middle Characters", "Middle Characters\Middle Characters.csproj", "{975E1BB4-4962-433D-8AF9-28FB53F60CB2}"
EndProject
Project("{FAE04EC0-301F-11D3-BF4B-00C04F79EFBC}") = "NxN Matrix", "NxN Matrix\NxN Matrix.csproj", "{981D6227-F016-4C80-A281-8F1A444C92BB}"
EndProject
Project("{FAE04EC0-301F-11D3-BF4B-00C04F79EFBC}") = "Factorial Division", "Factorial Division\Factorial Division.csproj", "{4F10C137-A3C0-4375-A893-3CCB8BA84D86}"
EndProject
Project("{FAE04EC0-301F-11D3-BF4B-00C04F79EFBC}") = "Palindrome Integers", "Palindrome Integers\Palindrome Integers.csproj", "{2B5F6A72-BCF5-42E9-BAD3-BB19D3EE50FC}"
EndProject
Project("{FAE04EC0-301F-11D3-BF4B-00C04F79EFBC}") = "Top Number", "Top Number\Top Number.csproj", "{4240357F-5F99-4916-8BF7-8F1E13308347}"
EndProject
Project("{FAE04EC0-301F-11D3-BF4B-00C04F79EFBC}") = "Array Manipulator", "Array Manipulator\Array Manipulator.csproj", "{5723AB02-F3B9-4D36-A58D-517B6F35923C}"
EndProject
Global
	GlobalSection(SolutionConfigurationPlatforms) = preSolution
		Debug|Any CPU = Debug|Any CPU
		Release|Any CPU = Release|Any CPU
	EndGlobalSection
	GlobalSection(ProjectConfigurationPlatforms) = postSolution
		{A258104A-6D84-47FE-A547-607886B4D5A4}.Debug|Any CPU.ActiveCfg = Debug|Any CPU
		{A258104A-6D84-47FE-A547-607886B4D5A4}.Debug|Any CPU.Build.0 = Debug|Any CPU
		{A258104A-6D84-47FE-A547-607886B4D5A4}.Release|Any CPU.ActiveCfg = Release|Any CPU
		{A258104A-6D84-47FE-A547-607886B4D5A4}.Release|Any CPU.Build.0 = Release|Any CPU
		{2210EC3A-B56F-4FE9-9EE0-D12B31B4CBA0}.Debug|Any CPU.ActiveCfg = Debug|Any CPU
		{2210EC3A-B56F-4FE9-9EE0-D12B31B4CBA0}.Debug|Any CPU.Build.0 = Debug|Any CPU
		{2210EC3A-B56F-4FE9-9EE0-D12B31B4CBA0}.Release|Any CPU.ActiveCfg = Release|Any CPU
		{2210EC3A-B56F-4FE9-9EE0-D12B31B4CBA0}.Release|Any CPU.Build.0 = Release|Any CPU
		{8440C228-9841-4314-817A-E72AC5036955}.Debug|Any CPU.ActiveCfg = Debug|Any CPU
		{8440C228-9841-4314-817A-E72AC5036955}.Debug|Any CPU.Build.0 = Debug|Any CPU
		{8440C228-9841-4314-817A-E72AC5036955}.Release|Any CPU.ActiveCfg = Release|Any CPU
		{8440C228-9841-4314-817A-E72AC5036955}.Release|Any CPU.Build.0 = Release|Any CPU
		{BD3BB216-E96E-4240-A790-D34E212265A1}.Debug|Any CPU.ActiveCfg = Debug|Any CPU
		{BD3BB216-E96E-4240-A790-D34E212265A1}.Debug|Any CPU.Build.0 = Debug|Any CPU
		{BD3BB216-E96E-4240-A790-D34E212265A1}.Release|Any CPU.ActiveCfg = Release|Any CPU
		{BD3BB216-E96E-4240-A790-D34E212265A1}.Release|Any CPU.Build.0 = Release|Any CPU
		{C50988B7-20BF-4CFF-BCBC-5EE83BF7AF76}.Debug|Any CPU.ActiveCfg = Debug|Any CPU
		{C50988B7-20BF-4CFF-BCBC-5EE83BF7AF76}.Debug|Any CPU.Build.0 = Debug|Any CPU
		{C50988B7-20BF-4CFF-BCBC-5EE83BF7AF76}.Release|Any CPU.ActiveCfg = Release|Any CPU
		{C50988B7-20BF-4CFF-BCBC-5EE83BF7AF76}.Release|Any CPU.Build.0 = Release|Any CPU
		{975E1BB4-4962-433D-8AF9-28FB53F60CB2}.Debug|Any CPU.ActiveCfg = Debug|Any CPU
		{975E1BB4-4962-433D-8AF9-28FB53F60CB2}.Debug|Any CPU.Build.0 = Debug|Any CPU
		{975E1BB4-4962-433D-8AF9-28FB53F60CB2}.Release|Any CPU.ActiveCfg = Release|Any CPU
		{975E1BB4-4962-433D-8AF9-28FB53F60CB2}.Release|Any CPU.Build.0 = Release|Any CPU
		{981D6227-F016-4C80-A281-8F1A444C92BB}.Debug|Any CPU.ActiveCfg = Debug|Any CPU
		{981D6227-F016-4C80-A281-8F1A444C92BB}.Debug|Any CPU.Build.0 = Debug|Any CPU
		{981D6227-F016-4C80-A281-8F1A444C92BB}.Release|Any CPU.ActiveCfg = Release|Any CPU
		{981D6227-F016-4C80-A281-8F1A444C92BB}.Release|Any CPU.Build.0 = Release|Any CPU
		{4F10C137-A3C0-4375-A893-3CCB8BA84D86}.Debug|Any CPU.ActiveCfg = Debug|Any CPU
		{4F10C137-A3C0-4375-A893-3CCB8BA84D86}.Debug|Any CPU.Build.0 = Debug|Any CPU
		{4F10C137-A3C0-4375-A893-3CCB8BA84D86}.Release|Any CPU.ActiveCfg = Release|Any CPU
		{4F10C137-A3C0-4375-A893-3CCB8BA84D86}.Release|Any CPU.Build.0 = Release|Any CPU
		{2B5F6A72-BCF5-42E9-BAD3-BB19D3EE50FC}.Debug|Any CPU.ActiveCfg = Debug|Any CPU
		{2B5F6A72-BCF5-42E9-BAD3-BB19D3EE50FC}.Debug|Any CPU.Build.0 = Debug|Any CPU
		{2B5F6A72-BCF5-42E9-BAD3-BB19D3EE50FC}.Release|Any CPU.ActiveCfg = Release|Any CPU
		{2B5F6A72-BCF5-42E9-BAD3-BB19D3EE50FC}.Release|Any CPU.Build.0 = Release|Any CPU
		{4240357F-5F99-4916-8BF7-8F1E13308347}.Debug|Any CPU.ActiveCfg = Debug|Any CPU
		{4240357F-5F99-4916-8BF7-8F1E13308347}.Debug|Any CPU.Build.0 = Debug|Any CPU
		{4240357F-5F99-4916-8BF7-8F1E13308347}.Release|Any CPU.ActiveCfg = Release|Any CPU
		{4240357F-5F99-4916-8BF7-8F1E13308347}.Release|Any CPU.Build.0 = Release|Any CPU
		{5723AB02-F3B9-4D36-A58D-517B6F35923C}.Debug|Any CPU.ActiveCfg = Debug|Any CPU
		{5723AB02-F3B9-4D36-A58D-517B6F35923C}.Debug|Any CPU.Build.0 = Debug|Any CPU
		{5723AB02-F3B9-4D36-A58D-517B6F35923C}.Release|Any CPU.ActiveCfg = Release|Any CPU
		{5723AB02-F3B9-4D36-A58D-517B6F35923C}.Release|Any CPU.Build.0 = Release|Any CPU
	EndGlobalSection
	GlobalSection(SolutionProperties) = preSolution
		HideSolutionNode = FALSE
	EndGlobalSection
	GlobalSection(ExtensibilityGlobals) = postSolution
		SolutionGuid = {363D27BE-0000-4DF1-B9F1-A94C1B6326F2}
	EndGlobalSection
EndGlobal
