
Microsoft Visual Studio Solution File, Format Version 12.00
# Visual Studio Version 17
VisualStudioVersion = 17.3.32901.215
MinimumVisualStudioVersion = 10.0.40219.1
Project("{FAE04EC0-301F-11D3-BF4B-00C04F79EFBC}") = "Ranking", "Ranking\Ranking.csproj", "{ABCA72E0-1AE5-4BE3-882A-02E31ACC58C5}"
EndProject
Global
	GlobalSection(SolutionConfigurationPlatforms) = preSolution
		Debug|Any CPU = Debug|Any CPU
		Release|Any CPU = Release|Any CPU
	EndGlobalSection
	GlobalSection(ProjectConfigurationPlatforms) = postSolution
		{ABCA72E0-1AE5-4BE3-882A-02E31ACC58C5}.Debug|Any CPU.ActiveCfg = Debug|Any CPU
		{ABCA72E0-1AE5-4BE3-882A-02E31ACC58C5}.Debug|Any CPU.Build.0 = Debug|Any CPU
		{ABCA72E0-1AE5-4BE3-882A-02E31ACC58C5}.Release|Any CPU.ActiveCfg = Release|Any CPU
		{ABCA72E0-1AE5-4BE3-882A-02E31ACC58C5}.Release|Any CPU.Build.0 = Release|Any CPU
	EndGlobalSection
	GlobalSection(SolutionProperties) = preSolution
		HideSolutionNode = FALSE
	EndGlobalSection
	GlobalSection(ExtensibilityGlobals) = postSolution
		SolutionGuid = {425BFEF0-2F86-4CCF-94CE-5C7E321FC7F4}
	EndGlobalSection
EndGlobal
