
Microsoft Visual Studio Solution File, Format Version 12.00
# Visual Studio Version 17
VisualStudioVersion = 17.3.32901.215
MinimumVisualStudioVersion = 10.0.40219.1
Project("{FAE04EC0-301F-11D3-BF4B-00C04F79EFBC}") = "Sum Adjacent Equal Numbers", "Sum Adjacent Equal Numbers\Sum Adjacent Equal Numbers.csproj", "{41E34E5E-585A-4C22-8F5E-930E9EB60B88}"
EndProject
Project("{FAE04EC0-301F-11D3-BF4B-00C04F79EFBC}") = "Gauss' Trick", "Gauss' Trick\Gauss' Trick.csproj", "{788CB5D9-2615-4EFA-A801-A2CD7D9EFB9C}"
EndProject
Project("{FAE04EC0-301F-11D3-BF4B-00C04F79EFBC}") = "Merging Lists", "Merging Lists\Merging Lists.csproj", "{2752FE38-7D15-438C-8EAD-41E01ACA3116}"
EndProject
Project("{FAE04EC0-301F-11D3-BF4B-00C04F79EFBC}") = "List of Products", "List of Products\List of Products.csproj", "{C67D7A79-B7B5-4A6E-8B7E-4284EE710DFD}"
EndProject
Project("{FAE04EC0-301F-11D3-BF4B-00C04F79EFBC}") = "Remove Negatives and Reverse", "Remove Negatives and Reverse\Remove Negatives and Reverse.csproj", "{B9DE7E2C-8C27-4B4C-83F3-EA145080E3AA}"
EndProject
Project("{FAE04EC0-301F-11D3-BF4B-00C04F79EFBC}") = "List Manipulation Basics", "List Manipulation Basics\List Manipulation Basics.csproj", "{3E950A51-2727-4C37-A60B-41D6C7638BFC}"
EndProject
Project("{FAE04EC0-301F-11D3-BF4B-00C04F79EFBC}") = "List Manipulation Advanced", "List Manipulation Advanced\List Manipulation Advanced.csproj", "{E763E898-39A8-46B9-A0FB-FB43E3F7EB0F}"
EndProject
Global
	GlobalSection(SolutionConfigurationPlatforms) = preSolution
		Debug|Any CPU = Debug|Any CPU
		Release|Any CPU = Release|Any CPU
	EndGlobalSection
	GlobalSection(ProjectConfigurationPlatforms) = postSolution
		{41E34E5E-585A-4C22-8F5E-930E9EB60B88}.Debug|Any CPU.ActiveCfg = Debug|Any CPU
		{41E34E5E-585A-4C22-8F5E-930E9EB60B88}.Debug|Any CPU.Build.0 = Debug|Any CPU
		{41E34E5E-585A-4C22-8F5E-930E9EB60B88}.Release|Any CPU.ActiveCfg = Release|Any CPU
		{41E34E5E-585A-4C22-8F5E-930E9EB60B88}.Release|Any CPU.Build.0 = Release|Any CPU
		{788CB5D9-2615-4EFA-A801-A2CD7D9EFB9C}.Debug|Any CPU.ActiveCfg = Debug|Any CPU
		{788CB5D9-2615-4EFA-A801-A2CD7D9EFB9C}.Debug|Any CPU.Build.0 = Debug|Any CPU
		{788CB5D9-2615-4EFA-A801-A2CD7D9EFB9C}.Release|Any CPU.ActiveCfg = Release|Any CPU
		{788CB5D9-2615-4EFA-A801-A2CD7D9EFB9C}.Release|Any CPU.Build.0 = Release|Any CPU
		{2752FE38-7D15-438C-8EAD-41E01ACA3116}.Debug|Any CPU.ActiveCfg = Debug|Any CPU
		{2752FE38-7D15-438C-8EAD-41E01ACA3116}.Debug|Any CPU.Build.0 = Debug|Any CPU
		{2752FE38-7D15-438C-8EAD-41E01ACA3116}.Release|Any CPU.ActiveCfg = Release|Any CPU
		{2752FE38-7D15-438C-8EAD-41E01ACA3116}.Release|Any CPU.Build.0 = Release|Any CPU
		{C67D7A79-B7B5-4A6E-8B7E-4284EE710DFD}.Debug|Any CPU.ActiveCfg = Debug|Any CPU
		{C67D7A79-B7B5-4A6E-8B7E-4284EE710DFD}.Debug|Any CPU.Build.0 = Debug|Any CPU
		{C67D7A79-B7B5-4A6E-8B7E-4284EE710DFD}.Release|Any CPU.ActiveCfg = Release|Any CPU
		{C67D7A79-B7B5-4A6E-8B7E-4284EE710DFD}.Release|Any CPU.Build.0 = Release|Any CPU
		{B9DE7E2C-8C27-4B4C-83F3-EA145080E3AA}.Debug|Any CPU.ActiveCfg = Debug|Any CPU
		{B9DE7E2C-8C27-4B4C-83F3-EA145080E3AA}.Debug|Any CPU.Build.0 = Debug|Any CPU
		{B9DE7E2C-8C27-4B4C-83F3-EA145080E3AA}.Release|Any CPU.ActiveCfg = Release|Any CPU
		{B9DE7E2C-8C27-4B4C-83F3-EA145080E3AA}.Release|Any CPU.Build.0 = Release|Any CPU
		{3E950A51-2727-4C37-A60B-41D6C7638BFC}.Debug|Any CPU.ActiveCfg = Debug|Any CPU
		{3E950A51-2727-4C37-A60B-41D6C7638BFC}.Debug|Any CPU.Build.0 = Debug|Any CPU
		{3E950A51-2727-4C37-A60B-41D6C7638BFC}.Release|Any CPU.ActiveCfg = Release|Any CPU
		{3E950A51-2727-4C37-A60B-41D6C7638BFC}.Release|Any CPU.Build.0 = Release|Any CPU
		{E763E898-39A8-46B9-A0FB-FB43E3F7EB0F}.Debug|Any CPU.ActiveCfg = Debug|Any CPU
		{E763E898-39A8-46B9-A0FB-FB43E3F7EB0F}.Debug|Any CPU.Build.0 = Debug|Any CPU
		{E763E898-39A8-46B9-A0FB-FB43E3F7EB0F}.Release|Any CPU.ActiveCfg = Release|Any CPU
		{E763E898-39A8-46B9-A0FB-FB43E3F7EB0F}.Release|Any CPU.Build.0 = Release|Any CPU
	EndGlobalSection
	GlobalSection(SolutionProperties) = preSolution
		HideSolutionNode = FALSE
	EndGlobalSection
	GlobalSection(ExtensibilityGlobals) = postSolution
		SolutionGuid = {905D52D5-5C1F-45B4-AB14-9959CD27865E}
	EndGlobalSection
EndGlobal
